// !$*UTF8*$!
{
	archiveVersion = 1;
	classes = {
	};
	objectVersion = 50;
	objects = {

/* Begin PBXBuildFile section */
		26622302236A3EA40028DBCE /* AppDelegate.swift in Sources */ = {isa = PBXBuildFile; fileRef = 26622301236A3EA40028DBCE /* AppDelegate.swift */; };
		26622304236A3EA40028DBCE /* SceneDelegate.swift in Sources */ = {isa = PBXBuildFile; fileRef = 26622303236A3EA40028DBCE /* SceneDelegate.swift */; };
		26622307236A3EA40028DBCE /* SweetDeal.xcdatamodeld in Sources */ = {isa = PBXBuildFile; fileRef = 26622305236A3EA40028DBCE /* SweetDeal.xcdatamodeld */; };
		26622309236A3EA40028DBCE /* ContentView.swift in Sources */ = {isa = PBXBuildFile; fileRef = 26622308236A3EA40028DBCE /* ContentView.swift */; };
		2662230B236A3EA70028DBCE /* Assets.xcassets in Resources */ = {isa = PBXBuildFile; fileRef = 2662230A236A3EA70028DBCE /* Assets.xcassets */; };
		2662230E236A3EA80028DBCE /* Preview Assets.xcassets in Resources */ = {isa = PBXBuildFile; fileRef = 2662230D236A3EA80028DBCE /* Preview Assets.xcassets */; };
		26622311236A3EA80028DBCE /* LaunchScreen.storyboard in Resources */ = {isa = PBXBuildFile; fileRef = 2662230F236A3EA80028DBCE /* LaunchScreen.storyboard */; };
		2662231C236A3EA80028DBCE /* SweetDealTests.swift in Sources */ = {isa = PBXBuildFile; fileRef = 2662231B236A3EA80028DBCE /* SweetDealTests.swift */; };
/* End PBXBuildFile section */

/* Begin PBXContainerItemProxy section */
		26622318236A3EA80028DBCE /* PBXContainerItemProxy */ = {
			isa = PBXContainerItemProxy;
			containerPortal = 266222F6236A3EA40028DBCE /* Project object */;
			proxyType = 1;
			remoteGlobalIDString = 266222FD236A3EA40028DBCE;
			remoteInfo = SweetDeal;
		};
/* End PBXContainerItemProxy section */

/* Begin PBXFileReference section */
		266222FE236A3EA40028DBCE /* SweetDeal.app */ = {isa = PBXFileReference; explicitFileType = wrapper.application; includeInIndex = 0; path = SweetDeal.app; sourceTree = BUILT_PRODUCTS_DIR; };
		26622301236A3EA40028DBCE /* AppDelegate.swift */ = {isa = PBXFileReference; lastKnownFileType = sourcecode.swift; path = AppDelegate.swift; sourceTree = "<group>"; };
		26622303236A3EA40028DBCE /* SceneDelegate.swift */ = {isa = PBXFileReference; lastKnownFileType = sourcecode.swift; path = SceneDelegate.swift; sourceTree = "<group>"; };
		26622306236A3EA40028DBCE /* SweetDeal.xcdatamodel */ = {isa = PBXFileReference; lastKnownFileType = wrapper.xcdatamodel; path = SweetDeal.xcdatamodel; sourceTree = "<group>"; };
		26622308236A3EA40028DBCE /* ContentView.swift */ = {isa = PBXFileReference; lastKnownFileType = sourcecode.swift; path = ContentView.swift; sourceTree = "<group>"; };
		2662230A236A3EA70028DBCE /* Assets.xcassets */ = {isa = PBXFileReference; lastKnownFileType = folder.assetcatalog; path = Assets.xcassets; sourceTree = "<group>"; };
		2662230D236A3EA80028DBCE /* Preview Assets.xcassets */ = {isa = PBXFileReference; lastKnownFileType = folder.assetcatalog; path = "Preview Assets.xcassets"; sourceTree = "<group>"; };
		26622310236A3EA80028DBCE /* Base */ = {isa = PBXFileReference; lastKnownFileType = file.storyboard; name = Base; path = Base.lproj/LaunchScreen.storyboard; sourceTree = "<group>"; };
		26622312236A3EA80028DBCE /* Info.plist */ = {isa = PBXFileReference; lastKnownFileType = text.plist.xml; path = Info.plist; sourceTree = "<group>"; };
		26622317236A3EA80028DBCE /* SweetDealTests.xctest */ = {isa = PBXFileReference; explicitFileType = wrapper.cfbundle; includeInIndex = 0; path = SweetDealTests.xctest; sourceTree = BUILT_PRODUCTS_DIR; };
		2662231B236A3EA80028DBCE /* SweetDealTests.swift */ = {isa = PBXFileReference; lastKnownFileType = sourcecode.swift; path = SweetDealTests.swift; sourceTree = "<group>"; };
		2662231D236A3EA80028DBCE /* Info.plist */ = {isa = PBXFileReference; lastKnownFileType = text.plist.xml; path = Info.plist; sourceTree = "<group>"; };
/* End PBXFileReference section */

/* Begin PBXFrameworksBuildPhase section */
		266222FB236A3EA40028DBCE /* Frameworks */ = {
			isa = PBXFrameworksBuildPhase;
			buildActionMask = 2147483647;
			files = (
			);
			runOnlyForDeploymentPostprocessing = 0;
		};
		26622314236A3EA80028DBCE /* Frameworks */ = {
			isa = PBXFrameworksBuildPhase;
			buildActionMask = 2147483647;
			files = (
			);
			runOnlyForDeploymentPostprocessing = 0;
		};
/* End PBXFrameworksBuildPhase section */

/* Begin PBXGroup section */
		266222F5236A3EA40028DBCE = {
			isa = PBXGroup;
			children = (
				26622300236A3EA40028DBCE /* SweetDeal */,
				2662231A236A3EA80028DBCE /* SweetDealTests */,
				266222FF236A3EA40028DBCE /* Products */,
			);
			sourceTree = "<group>";
		};
		266222FF236A3EA40028DBCE /* Products */ = {
			isa = PBXGroup;
			children = (
				266222FE236A3EA40028DBCE /* SweetDeal.app */,
				26622317236A3EA80028DBCE /* SweetDealTests.xctest */,
			);
			name = Products;
			sourceTree = "<group>";
		};
		26622300236A3EA40028DBCE /* SweetDeal */ = {
			isa = PBXGroup;
			children = (
				26622301236A3EA40028DBCE /* AppDelegate.swift */,
				26622303236A3EA40028DBCE /* SceneDelegate.swift */,
				26622308236A3EA40028DBCE /* ContentView.swift */,
				2662230A236A3EA70028DBCE /* Assets.xcassets */,
				2662230F236A3EA80028DBCE /* LaunchScreen.storyboard */,
				26622312236A3EA80028DBCE /* Info.plist */,
				26622305236A3EA40028DBCE /* SweetDeal.xcdatamodeld */,
				2662230C236A3EA80028DBCE /* Preview Content */,
			);
			path = SweetDeal;
			sourceTree = "<group>";
		};
		2662230C236A3EA80028DBCE /* Preview Content */ = {
			isa = PBXGroup;
			children = (
				2662230D236A3EA80028DBCE /* Preview Assets.xcassets */,
			);
			path = "Preview Content";
			sourceTree = "<group>";
		};
		2662231A236A3EA80028DBCE /* SweetDealTests */ = {
			isa = PBXGroup;
			children = (
				2662231B236A3EA80028DBCE /* SweetDealTests.swift */,
				2662231D236A3EA80028DBCE /* Info.plist */,
			);
			path = SweetDealTests;
			sourceTree = "<group>";
		};
/* End PBXGroup section */

/* Begin PBXNativeTarget section */
		266222FD236A3EA40028DBCE /* SweetDeal */ = {
			isa = PBXNativeTarget;
			buildConfigurationList = 26622320236A3EA80028DBCE /* Build configuration list for PBXNativeTarget "SweetDeal" */;
			buildPhases = (
				266222FA236A3EA40028DBCE /* Sources */,
				266222FB236A3EA40028DBCE /* Frameworks */,
				266222FC236A3EA40028DBCE /* Resources */,
			);
			buildRules = (
			);
			dependencies = (
			);
			name = SweetDeal;
			productName = SweetDeal;
			productReference = 266222FE236A3EA40028DBCE /* SweetDeal.app */;
			productType = "com.apple.product-type.application";
		};
		26622316236A3EA80028DBCE /* SweetDealTests */ = {
			isa = PBXNativeTarget;
			buildConfigurationList = 26622323236A3EA80028DBCE /* Build configuration list for PBXNativeTarget "SweetDealTests" */;
			buildPhases = (
				26622313236A3EA80028DBCE /* Sources */,
				26622314236A3EA80028DBCE /* Frameworks */,
				26622315236A3EA80028DBCE /* Resources */,
			);
			buildRules = (
			);
			dependencies = (
				26622319236A3EA80028DBCE /* PBXTargetDependency */,
			);
			name = SweetDealTests;
			productName = SweetDealTests;
			productReference = 26622317236A3EA80028DBCE /* SweetDealTests.xctest */;
			productType = "com.apple.product-type.bundle.unit-test";
		};
/* End PBXNativeTarget section */

/* Begin PBXProject section */
		266222F6236A3EA40028DBCE /* Project object */ = {
			isa = PBXProject;
			attributes = {
				LastSwiftUpdateCheck = 1110;
				LastUpgradeCheck = 1110;
				TargetAttributes = {
					266222FD236A3EA40028DBCE = {
						CreatedOnToolsVersion = 11.1;
					};
					26622316236A3EA80028DBCE = {
						CreatedOnToolsVersion = 11.1;
						TestTargetID = 266222FD236A3EA40028DBCE;
					};
				};
			};
			buildConfigurationList = 266222F9236A3EA40028DBCE /* Build configuration list for PBXProject "SweetDeal" */;
			compatibilityVersion = "Xcode 9.3";
			developmentRegion = en;
			hasScannedForEncodings = 0;
			knownRegions = (
				en,
				Base,
			);
			mainGroup = 266222F5236A3EA40028DBCE;
			productRefGroup = 266222FF236A3EA40028DBCE /* Products */;
			projectDirPath = "";
			projectRoot = "";
			targets = (
				266222FD236A3EA40028DBCE /* SweetDeal */,
				26622316236A3EA80028DBCE /* SweetDealTests */,
			);
		};
/* End PBXProject section */

/* Begin PBXResourcesBuildPhase section */
		266222FC236A3EA40028DBCE /* Resources */ = {
			isa = PBXResourcesBuildPhase;
			buildActionMask = 2147483647;
			files = (
				26622311236A3EA80028DBCE /* LaunchScreen.storyboard in Resources */,
				2662230E236A3EA80028DBCE /* Preview Assets.xcassets in Resources */,
				2662230B236A3EA70028DBCE /* Assets.xcassets in Resources */,
			);
			runOnlyForDeploymentPostprocessing = 0;
		};
		26622315236A3EA80028DBCE /* Resources */ = {
			isa = PBXResourcesBuildPhase;
			buildActionMask = 2147483647;
			files = (
			);
			runOnlyForDeploymentPostprocessing = 0;
		};
/* End PBXResourcesBuildPhase section */

/* Begin PBXSourcesBuildPhase section */
		266222FA236A3EA40028DBCE /* Sources */ = {
			isa = PBXSourcesBuildPhase;
			buildActionMask = 2147483647;
			files = (
				26622307236A3EA40028DBCE /* SweetDeal.xcdatamodeld in Sources */,
				26622302236A3EA40028DBCE /* AppDelegate.swift in Sources */,
				26622309236A3EA40028DBCE /* ContentView.swift in Sources */,
				26622304236A3EA40028DBCE /* SceneDelegate.swift in Sources */,
			);
			runOnlyForDeploymentPostprocessing = 0;
		};
		26622313236A3EA80028DBCE /* Sources */ = {
			isa = PBXSourcesBuildPhase;
			buildActionMask = 2147483647;
			files = (
				2662231C236A3EA80028DBCE /* SweetDealTests.swift in Sources */,
			);
			runOnlyForDeploymentPostprocessing = 0;
		};
/* End PBXSourcesBuildPhase section */

/* Begin PBXTargetDependency section */
		26622319236A3EA80028DBCE /* PBXTargetDependency */ = {
			isa = PBXTargetDependency;
			target = 266222FD236A3EA40028DBCE /* SweetDeal */;
			targetProxy = 26622318236A3EA80028DBCE /* PBXContainerItemProxy */;
		};
/* End PBXTargetDependency section */

/* Begin PBXVariantGroup section */
		2662230F236A3EA80028DBCE /* LaunchScreen.storyboard */ = {
			isa = PBXVariantGroup;
			children = (
				26622310236A3EA80028DBCE /* Base */,
			);
			name = LaunchScreen.storyboard;
			sourceTree = "<group>";
		};
/* End PBXVariantGroup section */

/* Begin XCBuildConfiguration section */
		2662231E236A3EA80028DBCE /* Debug */ = {
			isa = XCBuildConfiguration;
			buildSettings = {
				ALWAYS_SEARCH_USER_PATHS = NO;
				CLANG_ANALYZER_NONNULL = YES;
				CLANG_ANALYZER_NUMBER_OBJECT_CONVERSION = YES_AGGRESSIVE;
				CLANG_CXX_LANGUAGE_STANDARD = "gnu++14";
				CLANG_CXX_LIBRARY = "libc++";
				CLANG_ENABLE_MODULES = YES;
				CLANG_ENABLE_OBJC_ARC = YES;
				CLANG_ENABLE_OBJC_WEAK = YES;
				CLANG_WARN_BLOCK_CAPTURE_AUTORELEASING = YES;
				CLANG_WARN_BOOL_CONVERSION = YES;
				CLANG_WARN_COMMA = YES;
				CLANG_WARN_CONSTANT_CONVERSION = YES;
				CLANG_WARN_DEPRECATED_OBJC_IMPLEMENTATIONS = YES;
				CLANG_WARN_DIRECT_OBJC_ISA_USAGE = YES_ERROR;
				CLANG_WARN_DOCUMENTATION_COMMENTS = YES;
				CLANG_WARN_EMPTY_BODY = YES;
				CLANG_WARN_ENUM_CONVERSION = YES;
				CLANG_WARN_INFINITE_RECURSION = YES;
				CLANG_WARN_INT_CONVERSION = YES;
				CLANG_WARN_NON_LITERAL_NULL_CONVERSION = YES;
				CLANG_WARN_OBJC_IMPLICIT_RETAIN_SELF = YES;
				CLANG_WARN_OBJC_LITERAL_CONVERSION = YES;
				CLANG_WARN_OBJC_ROOT_CLASS = YES_ERROR;
				CLANG_WARN_RANGE_LOOP_ANALYSIS = YES;
				CLANG_WARN_STRICT_PROTOTYPES = YES;
				CLANG_WARN_SUSPICIOUS_MOVE = YES;
				CLANG_WARN_UNGUARDED_AVAILABILITY = YES_AGGRESSIVE;
				CLANG_WARN_UNREACHABLE_CODE = YES;
				CLANG_WARN__DUPLICATE_METHOD_MATCH = YES;
				COPY_PHASE_STRIP = NO;
				DEBUG_INFORMATION_FORMAT = dwarf;
				ENABLE_STRICT_OBJC_MSGSEND = YES;
				ENABLE_TESTABILITY = YES;
				GCC_C_LANGUAGE_STANDARD = gnu11;
				GCC_DYNAMIC_NO_PIC = NO;
				GCC_NO_COMMON_BLOCKS = YES;
				GCC_OPTIMIZATION_LEVEL = 0;
				GCC_PREPROCESSOR_DEFINITIONS = (
					"DEBUG=1",
					"$(inherited)",
				);
				GCC_WARN_64_TO_32_BIT_CONVERSION = YES;
				GCC_WARN_ABOUT_RETURN_TYPE = YES_ERROR;
				GCC_WARN_UNDECLARED_SELECTOR = YES;
				GCC_WARN_UNINITIALIZED_AUTOS = YES_AGGRESSIVE;
				GCC_WARN_UNUSED_FUNCTION = YES;
				GCC_WARN_UNUSED_VARIABLE = YES;
				IPHONEOS_DEPLOYMENT_TARGET = 13.1;
				MTL_ENABLE_DEBUG_INFO = INCLUDE_SOURCE;
				MTL_FAST_MATH = YES;
				ONLY_ACTIVE_ARCH = YES;
				SDKROOT = iphoneos;
				SWIFT_ACTIVE_COMPILATION_CONDITIONS = DEBUG;
				SWIFT_OPTIMIZATION_LEVEL = "-Onone";
			};
			name = Debug;
		};
		2662231F236A3EA80028DBCE /* Release */ = {
			isa = XCBuildConfiguration;
			buildSettings = {
				ALWAYS_SEARCH_USER_PATHS = NO;
				CLANG_ANALYZER_NONNULL = YES;
				CLANG_ANALYZER_NUMBER_OBJECT_CONVERSION = YES_AGGRESSIVE;
				CLANG_CXX_LANGUAGE_STANDARD = "gnu++14";
				CLANG_CXX_LIBRARY = "libc++";
				CLANG_ENABLE_MODULES = YES;
				CLANG_ENABLE_OBJC_ARC = YES;
				CLANG_ENABLE_OBJC_WEAK = YES;
				CLANG_WARN_BLOCK_CAPTURE_AUTORELEASING = YES;
				CLANG_WARN_BOOL_CONVERSION = YES;
				CLANG_WARN_COMMA = YES;
				CLANG_WARN_CONSTANT_CONVERSION = YES;
				CLANG_WARN_DEPRECATED_OBJC_IMPLEMENTATIONS = YES;
				CLANG_WARN_DIRECT_OBJC_ISA_USAGE = YES_ERROR;
				CLANG_WARN_DOCUMENTATION_COMMENTS = YES;
				CLANG_WARN_EMPTY_BODY = YES;
				CLANG_WARN_ENUM_CONVERSION = YES;
				CLANG_WARN_INFINITE_RECURSION = YES;
				CLANG_WARN_INT_CONVERSION = YES;
				CLANG_WARN_NON_LITERAL_NULL_CONVERSION = YES;
				CLANG_WARN_OBJC_IMPLICIT_RETAIN_SELF = YES;
				CLANG_WARN_OBJC_LITERAL_CONVERSION = YES;
				CLANG_WARN_OBJC_ROOT_CLASS = YES_ERROR;
				CLANG_WARN_RANGE_LOOP_ANALYSIS = YES;
				CLANG_WARN_STRICT_PROTOTYPES = YES;
				CLANG_WARN_SUSPICIOUS_MOVE = YES;
				CLANG_WARN_UNGUARDED_AVAILABILITY = YES_AGGRESSIVE;
				CLANG_WARN_UNREACHABLE_CODE = YES;
				CLANG_WARN__DUPLICATE_METHOD_MATCH = YES;
				COPY_PHASE_STRIP = NO;
				DEBUG_INFORMATION_FORMAT = "dwarf-with-dsym";
				ENABLE_NS_ASSERTIONS = NO;
				ENABLE_STRICT_OBJC_MSGSEND = YES;
				GCC_C_LANGUAGE_STANDARD = gnu11;
				GCC_NO_COMMON_BLOCKS = YES;
				GCC_WARN_64_TO_32_BIT_CONVERSION = YES;
				GCC_WARN_ABOUT_RETURN_TYPE = YES_ERROR;
				GCC_WARN_UNDECLARED_SELECTOR = YES;
				GCC_WARN_UNINITIALIZED_AUTOS = YES_AGGRESSIVE;
				GCC_WARN_UNUSED_FUNCTION = YES;
				GCC_WARN_UNUSED_VARIABLE = YES;
				IPHONEOS_DEPLOYMENT_TARGET = 13.1;
				MTL_ENABLE_DEBUG_INFO = NO;
				MTL_FAST_MATH = YES;
				SDKROOT = iphoneos;
				SWIFT_COMPILATION_MODE = wholemodule;
				SWIFT_OPTIMIZATION_LEVEL = "-O";
				VALIDATE_PRODUCT = YES;
			};
			name = Release;
		};
		26622321236A3EA80028DBCE /* Debug */ = {
			isa = XCBuildConfiguration;
			buildSettings = {
				ASSETCATALOG_COMPILER_APPICON_NAME = AppIcon;
				CODE_SIGN_STYLE = Automatic;
				DEVELOPMENT_ASSET_PATHS = "\"SweetDeal/Preview Content\"";
				DEVELOPMENT_TEAM = 6R8KY2W222;
				ENABLE_PREVIEWS = YES;
				INFOPLIST_FILE = SweetDeal/Info.plist;
				LD_RUNPATH_SEARCH_PATHS = (
					"$(inherited)",
					"@executable_path/Frameworks",
				);
				PRODUCT_BUNDLE_IDENTIFIER = SweetDeal.SweetDeal;
				PRODUCT_NAME = "$(TARGET_NAME)";
				SWIFT_VERSION = 5.0;
				TARGETED_DEVICE_FAMILY = "1,2";
			};
			name = Debug;
		};
		26622322236A3EA80028DBCE /* Release */ = {
			isa = XCBuildConfiguration;
			buildSettings = {
				ASSETCATALOG_COMPILER_APPICON_NAME = AppIcon;
				CODE_SIGN_STYLE = Automatic;
				DEVELOPMENT_ASSET_PATHS = "\"SweetDeal/Preview Content\"";
				DEVELOPMENT_TEAM = 6R8KY2W222;
				ENABLE_PREVIEWS = YES;
				INFOPLIST_FILE = SweetDeal/Info.plist;
				LD_RUNPATH_SEARCH_PATHS = (
					"$(inherited)",
					"@executable_path/Frameworks",
				);
				PRODUCT_BUNDLE_IDENTIFIER = SweetDeal.SweetDeal;
				PRODUCT_NAME = "$(TARGET_NAME)";
				SWIFT_VERSION = 5.0;
				TARGETED_DEVICE_FAMILY = "1,2";
			};
			name = Release;
		};
		26622324236A3EA80028DBCE /* Debug */ = {
			isa = XCBuildConfiguration;
			buildSettings = {
				ALWAYS_EMBED_SWIFT_STANDARD_LIBRARIES = YES;
				BUNDLE_LOADER = "$(TEST_HOST)";
				CODE_SIGN_STYLE = Automatic;
				DEVELOPMENT_TEAM = 6R8KY2W222;
				INFOPLIST_FILE = SweetDealTests/Info.plist;
				IPHONEOS_DEPLOYMENT_TARGET = 13.1;
				LD_RUNPATH_SEARCH_PATHS = (
					"$(inherited)",
					"@executable_path/Frameworks",
					"@loader_path/Frameworks",
				);
				PRODUCT_BUNDLE_IDENTIFIER = SweetDeal.SweetDealTests;
				PRODUCT_NAME = "$(TARGET_NAME)";
				SWIFT_VERSION = 5.0;
				TARGETED_DEVICE_FAMILY = "1,2";
				TEST_HOST = "$(BUILT_PRODUCTS_DIR)/SweetDeal.app/SweetDeal";
			};
			name = Debug;
		};
		26622325236A3EA80028DBCE /* Release */ = {
			isa = XCBuildConfiguration;
			buildSettings = {
				ALWAYS_EMBED_SWIFT_STANDARD_LIBRARIES = YES;
				BUNDLE_LOADER = "$(TEST_HOST)";
				CODE_SIGN_STYLE = Automatic;
				DEVELOPMENT_TEAM = 6R8KY2W222;
				INFOPLIST_FILE = SweetDealTests/Info.plist;
				IPHONEOS_DEPLOYMENT_TARGET = 13.1;
				LD_RUNPATH_SEARCH_PATHS = (
					"$(inherited)",
					"@executable_path/Frameworks",
					"@loader_path/Frameworks",
				);
				PRODUCT_BUNDLE_IDENTIFIER = SweetDeal.SweetDealTests;
				PRODUCT_NAME = "$(TARGET_NAME)";
				SWIFT_VERSION = 5.0;
				TARGETED_DEVICE_FAMILY = "1,2";
				TEST_HOST = "$(BUILT_PRODUCTS_DIR)/SweetDeal.app/SweetDeal";
			};
			name = Release;
		};
/* End XCBuildConfiguration section */

/* Begin XCConfigurationList section */
		266222F9236A3EA40028DBCE /* Build configuration list for PBXProject "SweetDeal" */ = {
			isa = XCConfigurationList;
			buildConfigurations = (
				2662231E236A3EA80028DBCE /* Debug */,
				2662231F236A3EA80028DBCE /* Release */,
			);
			defaultConfigurationIsVisible = 0;
			defaultConfigurationName = Release;
		};
		26622320236A3EA80028DBCE /* Build configuration list for PBXNativeTarget "SweetDeal" */ = {
			isa = XCConfigurationList;
			buildConfigurations = (
				26622321236A3EA80028DBCE /* Debug */,
				26622322236A3EA80028DBCE /* Release */,
			);
			defaultConfigurationIsVisible = 0;
			defaultConfigurationName = Release;
		};
		26622323236A3EA80028DBCE /* Build configuration list for PBXNativeTarget "SweetDealTests" */ = {
			isa = XCConfigurationList;
			buildConfigurations = (
				26622324236A3EA80028DBCE /* Debug */,
				26622325236A3EA80028DBCE /* Release */,
			);
			defaultConfigurationIsVisible = 0;
			defaultConfigurationName = Release;
		};
/* End XCConfigurationList section */

/* Begin XCVersionGroup section */
		26622305236A3EA40028DBCE /* SweetDeal.xcdatamodeld */ = {
			isa = XCVersionGroup;
			children = (
				26622306236A3EA40028DBCE /* SweetDeal.xcdatamodel */,
			);
			currentVersion = 26622306236A3EA40028DBCE /* SweetDeal.xcdatamodel */;
			path = SweetDeal.xcdatamodeld;
			sourceTree = "<group>";
			versionGroupType = wrapper.xcdatamodel;
		};
/* End XCVersionGroup section */
	};
	rootObject = 266222F6236A3EA40028DBCE /* Project object */;
}
